// !$*UTF8*$!
{
	archiveVersion = 1;
	classes = {
	};
	objectVersion = 56;
	objects = {

/* Begin PBXBuildFile section */
		A10000000000000000000001 /* AnimalDokuApp.swift in Sources */ = {isa = PBXBuildFile; fileRef = A10000000000000000000002 /* AnimalDokuApp.swift */; };
		F82000000000000000000004 /* AppFontRegistration.swift in Sources */ = {isa = PBXBuildFile; fileRef = F82000000000000000000003 /* AppFontRegistration.swift */; };
		A10000000000000000000003 /* ContentView.swift in Sources */ = {isa = PBXBuildFile; fileRef = A10000000000000000000004 /* ContentView.swift */; };
		A10000000000000000000005 /* Assets.xcassets in Resources */ = {isa = PBXBuildFile; fileRef = A10000000000000000000006 /* Assets.xcassets */; };
		F82000000000000000000002 /* VaselineExtra.ttf in Resources */ = {isa = PBXBuildFile; fileRef = F82000000000000000000001 /* VaselineExtra.ttf */; };
		AA1700000000000000000002 /* TimerService.swift in Sources */ = {isa = PBXBuildFile; fileRef = AA1700000000000000000001 /* TimerService.swift */; };
		AA1700000000000000000004 /* TimerServiceTests.swift in Sources */ = {isa = PBXBuildFile; fileRef = AA1700000000000000000003 /* TimerServiceTests.swift */; };
		AB1800000000000000000002 /* SaveGameStore.swift in Sources */ = {isa = PBXBuildFile; fileRef = AB1800000000000000000001 /* SaveGameStore.swift */; };
		AB1800000000000000000004 /* SaveGameStoreTests.swift in Sources */ = {isa = PBXBuildFile; fileRef = AB1800000000000000000003 /* SaveGameStoreTests.swift */; };
		AC1900000000000000000002 /* HomeView.swift in Sources */ = {isa = PBXBuildFile; fileRef = AC1900000000000000000001 /* HomeView.swift */; };
		AC1900000000000000000004 /* HomeCatalog.swift in Sources */ = {isa = PBXBuildFile; fileRef = AC1900000000000000000003 /* HomeCatalog.swift */; };
		AC1900000000000000000006 /* HomeCatalogTests.swift in Sources */ = {isa = PBXBuildFile; fileRef = AC1900000000000000000005 /* HomeCatalogTests.swift */; };
		AD2000000000000000000002 /* puzzle-002.json in Resources */ = {isa = PBXBuildFile; fileRef = AD2000000000000000000001 /* puzzle-002.json */; };
		AD2000000000000000000004 /* puzzle-003.json in Resources */ = {isa = PBXBuildFile; fileRef = AD2000000000000000000003 /* puzzle-003.json */; };
		AD2000000000000000000006 /* puzzle-004.json in Resources */ = {isa = PBXBuildFile; fileRef = AD2000000000000000000005 /* puzzle-004.json */; };
		AD2000000000000000000008 /* puzzle-005.json in Resources */ = {isa = PBXBuildFile; fileRef = AD2000000000000000000007 /* puzzle-005.json */; };
		AD200000000000000000000A /* puzzle-006.json in Resources */ = {isa = PBXBuildFile; fileRef = AD2000000000000000000009 /* puzzle-006.json */; };
		AD200000000000000000000C /* puzzle-007.json in Resources */ = {isa = PBXBuildFile; fileRef = AD200000000000000000000B /* puzzle-007.json */; };
		AD200000000000000000000E /* puzzle-008.json in Resources */ = {isa = PBXBuildFile; fileRef = AD200000000000000000000D /* puzzle-008.json */; };
		AD2000000000000000000010 /* puzzle-009.json in Resources */ = {isa = PBXBuildFile; fileRef = AD200000000000000000000F /* puzzle-009.json */; };
		AE2100000000000000000002 /* LaunchScreen.storyboard in Resources */ = {isa = PBXBuildFile; fileRef = AE2100000000000000000001 /* LaunchScreen.storyboard */; };
		AF2200000000000000000002 /* TutorialView.swift in Sources */ = {isa = PBXBuildFile; fileRef = AF2200000000000000000001 /* TutorialView.swift */; };
		AF2200000000000000000004 /* TutorialCatalog.swift in Sources */ = {isa = PBXBuildFile; fileRef = AF2200000000000000000003 /* TutorialCatalog.swift */; };
		AF2200000000000000000006 /* TutorialCatalogTests.swift in Sources */ = {isa = PBXBuildFile; fileRef = AF2200000000000000000005 /* TutorialCatalogTests.swift */; };
		B02300000000000000000002 /* HapticService.swift in Sources */ = {isa = PBXBuildFile; fileRef = B02300000000000000000001 /* HapticService.swift */; };
		B02300000000000000000004 /* HapticServiceTests.swift in Sources */ = {isa = PBXBuildFile; fileRef = B02300000000000000000003 /* HapticServiceTests.swift */; };
		C30000000000000000000003 /* AnimalDokuTests.swift in Sources */ = {isa = PBXBuildFile; fileRef = C30000000000000000000002 /* AnimalDokuTests.swift */; };
		C30000000000000000000010 /* AnimalDokuUITests.swift in Sources */ = {isa = PBXBuildFile; fileRef = C3000000000000000000000F /* AnimalDokuUITests.swift */; };
		D40000000000000000000002 /* Colors.swift in Sources */ = {isa = PBXBuildFile; fileRef = D40000000000000000000001 /* Colors.swift */; };
		D40000000000000000000004 /* Spacing.swift in Sources */ = {isa = PBXBuildFile; fileRef = D40000000000000000000003 /* Spacing.swift */; };
		D40000000000000000000006 /* Typography.swift in Sources */ = {isa = PBXBuildFile; fileRef = D40000000000000000000005 /* Typography.swift */; };
		D40000000000000000000008 /* TouchTarget.swift in Sources */ = {isa = PBXBuildFile; fileRef = D40000000000000000000007 /* TouchTarget.swift */; };
		D40000000000000000000010 /* DesignSystemTests.swift in Sources */ = {isa = PBXBuildFile; fileRef = D40000000000000000000009 /* DesignSystemTests.swift */; };
		D40000000000000000000012 /* Motion.swift in Sources */ = {isa = PBXBuildFile; fileRef = D40000000000000000000011 /* Motion.swift */; };
		D40000000000000000000014 /* MotionTests.swift in Sources */ = {isa = PBXBuildFile; fileRef = D40000000000000000000013 /* MotionTests.swift */; };
		D40000000000000000000016 /* HighContrastEnvironment.swift in Sources */ = {isa = PBXBuildFile; fileRef = D40000000000000000000015 /* HighContrastEnvironment.swift */; };
		E50000000000000000000002 /* ThemeAssets.swift in Sources */ = {isa = PBXBuildFile; fileRef = E50000000000000000000001 /* ThemeAssets.swift */; };
		E50000000000000000000004 /* ThemeAssetTests.swift in Sources */ = {isa = PBXBuildFile; fileRef = E50000000000000000000003 /* ThemeAssetTests.swift */; };
		E50000000000000000000006 /* Sounds in Resources */ = {isa = PBXBuildFile; fileRef = E50000000000000000000005 /* Sounds */; };
		E50000000000000000000008 /* ThemeCatalog.swift in Sources */ = {isa = PBXBuildFile; fileRef = E50000000000000000000007 /* ThemeCatalog.swift */; };
		E5000000000000000000000A /* ThemeCatalogTests.swift in Sources */ = {isa = PBXBuildFile; fileRef = E50000000000000000000009 /* ThemeCatalogTests.swift */; };
		F60000000000000000000002 /* Position.swift in Sources */ = {isa = PBXBuildFile; fileRef = F60000000000000000000001 /* Position.swift */; };
		F60000000000000000000004 /* Cell.swift in Sources */ = {isa = PBXBuildFile; fileRef = F60000000000000000000003 /* Cell.swift */; };
		F60000000000000000000006 /* Region.swift in Sources */ = {isa = PBXBuildFile; fileRef = F60000000000000000000005 /* Region.swift */; };
		F60000000000000000000008 /* Puzzle.swift in Sources */ = {isa = PBXBuildFile; fileRef = F60000000000000000000007 /* Puzzle.swift */; };
		F6000000000000000000000A /* Theme.swift in Sources */ = {isa = PBXBuildFile; fileRef = F60000000000000000000009 /* Theme.swift */; };
		F6000000000000000000000C /* CoreTypesTests.swift in Sources */ = {isa = PBXBuildFile; fileRef = F6000000000000000000000B /* CoreTypesTests.swift */; };
		F70000000000000000000002 /* GameAction.swift in Sources */ = {isa = PBXBuildFile; fileRef = F70000000000000000000001 /* GameAction.swift */; };
		F70000000000000000000004 /* SaveGame.swift in Sources */ = {isa = PBXBuildFile; fileRef = F70000000000000000000003 /* SaveGame.swift */; };
		F70000000000000000000006 /* GameActionSaveGameTests.swift in Sources */ = {isa = PBXBuildFile; fileRef = F70000000000000000000005 /* GameActionSaveGameTests.swift */; };
		F80000000000000000000002 /* PuzzleLoader.swift in Sources */ = {isa = PBXBuildFile; fileRef = F80000000000000000000001 /* PuzzleLoader.swift */; };
		F80000000000000000000004 /* puzzle-valid-4x4.json in Resources */ = {isa = PBXBuildFile; fileRef = F80000000000000000000003 /* puzzle-valid-4x4.json */; };
		F80000000000000000000006 /* PuzzleLoaderTests.swift in Sources */ = {isa = PBXBuildFile; fileRef = F80000000000000000000005 /* PuzzleLoaderTests.swift */; };
		G70000000000000000000002 /* ValidationResult.swift in Sources */ = {isa = PBXBuildFile; fileRef = G70000000000000000000001 /* ValidationResult.swift */; };
		G70000000000000000000004 /* Validator.swift in Sources */ = {isa = PBXBuildFile; fileRef = G70000000000000000000003 /* Validator.swift */; };
		G70000000000000000000006 /* ValidatorUniquenessTests.swift in Sources */ = {isa = PBXBuildFile; fileRef = G70000000000000000000005 /* ValidatorUniquenessTests.swift */; };
		H80000000000000000000002 /* ValidatorAdjacencyTests.swift in Sources */ = {isa = PBXBuildFile; fileRef = H80000000000000000000001 /* ValidatorAdjacencyTests.swift */; };
		I90000000000000000000002 /* ValidatorCompletionTests.swift in Sources */ = {isa = PBXBuildFile; fileRef = I90000000000000000000001 /* ValidatorCompletionTests.swift */; };
		J00000000000000000000002 /* ValidatorValidateTests.swift in Sources */ = {isa = PBXBuildFile; fileRef = J00000000000000000000001 /* ValidatorValidateTests.swift */; };
		K10000000000000000000002 /* GameSession.swift in Sources */ = {isa = PBXBuildFile; fileRef = K10000000000000000000001 /* GameSession.swift */; };
		K10000000000000000000004 /* GameSessionTests.swift in Sources */ = {isa = PBXBuildFile; fileRef = K10000000000000000000003 /* GameSessionTests.swift */; };
		L20000000000000000000002 /* HintService.swift in Sources */ = {isa = PBXBuildFile; fileRef = L20000000000000000000001 /* HintService.swift */; };
		L20000000000000000000004 /* HintServiceTests.swift in Sources */ = {isa = PBXBuildFile; fileRef = L20000000000000000000003 /* HintServiceTests.swift */; };
		M30000000000000000000002 /* TestPuzzleFactory.swift in Sources */ = {isa = PBXBuildFile; fileRef = M30000000000000000000001 /* TestPuzzleFactory.swift */; };
		N40000000000000000000002 /* CellView.swift in Sources */ = {isa = PBXBuildFile; fileRef = N40000000000000000000001 /* CellView.swift */; };
		P83000000000000000000002 /* AnimalHeadView.swift in Sources */ = {isa = PBXBuildFile; fileRef = P83000000000000000000001 /* AnimalHeadView.swift */; };
		P83000000000000000000004 /* AnimalHeadViewTests.swift in Sources */ = {isa = PBXBuildFile; fileRef = P83000000000000000000003 /* AnimalHeadViewTests.swift */; };
		N40000000000000000000004 /* CellViewTests.swift in Sources */ = {isa = PBXBuildFile; fileRef = N40000000000000000000003 /* CellViewTests.swift */; };
		O50000000000000000000002 /* BoardView.swift in Sources */ = {isa = PBXBuildFile; fileRef = O50000000000000000000001 /* BoardView.swift */; };
		O50000000000000000000004 /* RegionColorMap.swift in Sources */ = {isa = PBXBuildFile; fileRef = O50000000000000000000003 /* RegionColorMap.swift */; };
		O50000000000000000000006 /* BoardViewTests.swift in Sources */ = {isa = PBXBuildFile; fileRef = O50000000000000000000005 /* BoardViewTests.swift */; };
		P60000000000000000000002 /* RegionPattern.swift in Sources */ = {isa = PBXBuildFile; fileRef = P60000000000000000000001 /* RegionPattern.swift */; };
		P60000000000000000000004 /* RegionPatternTests.swift in Sources */ = {isa = PBXBuildFile; fileRef = P60000000000000000000003 /* RegionPatternTests.swift */; };
		P62000000000000000000002 /* UITestReduceMotionModifier.swift in Sources */ = {isa = PBXBuildFile; fileRef = P62000000000000000000001 /* UITestReduceMotionModifier.swift */; };
		P62000000000000000000004 /* GameplayUITests.swift in Sources */ = {isa = PBXBuildFile; fileRef = P62000000000000000000003 /* GameplayUITests.swift */; };
		P62000000000000000000006 /* Puzzle001Solution.swift in Sources */ = {isa = PBXBuildFile; fileRef = P62000000000000000000005 /* Puzzle001Solution.swift */; };
		P62000000000000000000008 /* Puzzle001SolutionContractTests.swift in Sources */ = {isa = PBXBuildFile; fileRef = P62000000000000000000007 /* Puzzle001SolutionContractTests.swift */; };
		P63000000000000000000002 /* AccessibilityUITests.swift in Sources */ = {isa = PBXBuildFile; fileRef = P63000000000000000000001 /* AccessibilityUITests.swift */; };
		P64000000000000000000002 /* DeviceMatrixUITests.swift in Sources */ = {isa = PBXBuildFile; fileRef = P64000000000000000000001 /* DeviceMatrixUITests.swift */; };
		P71000000000000000000002 /* PrivacyInfo.xcprivacy in Resources */ = {isa = PBXBuildFile; fileRef = P71000000000000000000001 /* PrivacyInfo.xcprivacy */; };
		P71000000000000000000004 /* PrivacyManifestTests.swift in Sources */ = {isa = PBXBuildFile; fileRef = P71000000000000000000003 /* PrivacyManifestTests.swift */; };
		Q70000000000000000000004 /* InputModeToggleTests.swift in Sources */ = {isa = PBXBuildFile; fileRef = Q70000000000000000000003 /* InputModeToggleTests.swift */; };
		R80000000000000000000002 /* GameToolbar.swift in Sources */ = {isa = PBXBuildFile; fileRef = R80000000000000000000001 /* GameToolbar.swift */; };
		R80000000000000000000004 /* GameToolbarTests.swift in Sources */ = {isa = PBXBuildFile; fileRef = R80000000000000000000003 /* GameToolbarTests.swift */; };
		S90000000000000000000002 /* GameViewModel.swift in Sources */ = {isa = PBXBuildFile; fileRef = S90000000000000000000001 /* GameViewModel.swift */; };
		S90000000000000000000004 /* GameViewModelTests.swift in Sources */ = {isa = PBXBuildFile; fileRef = S90000000000000000000003 /* GameViewModelTests.swift */; };
		T10000000000000000000002 /* GameView.swift in Sources */ = {isa = PBXBuildFile; fileRef = T10000000000000000000001 /* GameView.swift */; };
		T10000000000000000000004 /* WinScreen.swift in Sources */ = {isa = PBXBuildFile; fileRef = T10000000000000000000003 /* WinScreen.swift */; };
		T10000000000000000000006 /* puzzle-001.json in Resources */ = {isa = PBXBuildFile; fileRef = T10000000000000000000005 /* puzzle-001.json */; };
		U11000000000000000000002 /* WinScreenTests.swift in Sources */ = {isa = PBXBuildFile; fileRef = U11000000000000000000001 /* WinScreenTests.swift */; };
		V12000000000000000000002 /* AppLaunchConfiguration.swift in Sources */ = {isa = PBXBuildFile; fileRef = V12000000000000000000001 /* AppLaunchConfiguration.swift */; };
		V12000000000000000000004 /* PuzzleLoadErrorView.swift in Sources */ = {isa = PBXBuildFile; fileRef = V12000000000000000000003 /* PuzzleLoadErrorView.swift */; };
		V12000000000000000000006 /* AppLaunchConfigurationTests.swift in Sources */ = {isa = PBXBuildFile; fileRef = V12000000000000000000005 /* AppLaunchConfigurationTests.swift */; };
		W13000000000000000000002 /* BoardBuilder.swift in Sources */ = {isa = PBXBuildFile; fileRef = W13000000000000000000001 /* BoardBuilder.swift */; };
		W13000000000000000000004 /* PuzzleSolver.swift in Sources */ = {isa = PBXBuildFile; fileRef = W13000000000000000000003 /* PuzzleSolver.swift */; };
		W13000000000000000000006 /* PuzzleIntegrityTests.swift in Sources */ = {isa = PBXBuildFile; fileRef = W13000000000000000000005 /* PuzzleIntegrityTests.swift */; };
		X14000000000000000000002 /* SettingsStore.swift in Sources */ = {isa = PBXBuildFile; fileRef = X14000000000000000000001 /* SettingsStore.swift */; };
		X14000000000000000000004 /* ThemePicker.swift in Sources */ = {isa = PBXBuildFile; fileRef = X14000000000000000000003 /* ThemePicker.swift */; };
		X14000000000000000000006 /* SettingsStoreTests.swift in Sources */ = {isa = PBXBuildFile; fileRef = X14000000000000000000005 /* SettingsStoreTests.swift */; };
		X14000000000000000000008 /* ThemePickerTests.swift in Sources */ = {isa = PBXBuildFile; fileRef = X14000000000000000000007 /* ThemePickerTests.swift */; };
		Y15000000000000000000002 /* SettingsView.swift in Sources */ = {isa = PBXBuildFile; fileRef = Y15000000000000000000001 /* SettingsView.swift */; };
		Y15000000000000000000004 /* SettingsViewTests.swift in Sources */ = {isa = PBXBuildFile; fileRef = Y15000000000000000000003 /* SettingsViewTests.swift */; };
		Z16000000000000000000002 /* SoundService.swift in Sources */ = {isa = PBXBuildFile; fileRef = Z16000000000000000000001 /* SoundService.swift */; };
		Z16000000000000000000004 /* SoundServiceTests.swift in Sources */ = {isa = PBXBuildFile; fileRef = Z16000000000000000000003 /* SoundServiceTests.swift */; };
/* End PBXBuildFile section */

/* Begin PBXContainerItemProxy section */
		C3000000000000000000000D /* PBXContainerItemProxy */ = {
			isa = PBXContainerItemProxy;
			containerPortal = A10000000000000000000011 /* Project object */;
			proxyType = 1;
			remoteGlobalIDString = A1000000000000000000000D;
			remoteInfo = AnimalDoku;
		};
		C3000000000000000000001A /* PBXContainerItemProxy */ = {
			isa = PBXContainerItemProxy;
			containerPortal = A10000000000000000000011 /* Project object */;
			proxyType = 1;
			remoteGlobalIDString = A1000000000000000000000D;
			remoteInfo = AnimalDoku;
		};
/* End PBXContainerItemProxy section */

/* Begin PBXFileReference section */
		A10000000000000000000002 /* AnimalDokuApp.swift */ = {isa = PBXFileReference; lastKnownFileType = sourcecode.swift; path = AnimalDokuApp.swift; sourceTree = "<group>"; };
		F82000000000000000000003 /* AppFontRegistration.swift */ = {isa = PBXFileReference; lastKnownFileType = sourcecode.swift; path = AppFontRegistration.swift; sourceTree = "<group>"; };
		F82000000000000000000005 /* Info.plist */ = {isa = PBXFileReference; lastKnownFileType = text.plist.xml; path = Info.plist; sourceTree = "<group>"; };
		A10000000000000000000004 /* ContentView.swift */ = {isa = PBXFileReference; lastKnownFileType = sourcecode.swift; path = ContentView.swift; sourceTree = "<group>"; };
		A10000000000000000000006 /* Assets.xcassets */ = {isa = PBXFileReference; lastKnownFileType = folder.assetcatalog; path = Assets.xcassets; sourceTree = "<group>"; };
		F82000000000000000000001 /* VaselineExtra.ttf */ = {isa = PBXFileReference; lastKnownFileType = file; path = VaselineExtra.ttf; sourceTree = "<group>"; };
		A10000000000000000000007 /* AnimalDoku.app */ = {isa = PBXFileReference; explicitFileType = wrapper.application; includeInIndex = 0; path = AnimalDoku.app; sourceTree = BUILT_PRODUCTS_DIR; };
		AA1700000000000000000001 /* TimerService.swift */ = {isa = PBXFileReference; lastKnownFileType = sourcecode.swift; path = TimerService.swift; sourceTree = "<group>"; };
		AA1700000000000000000003 /* TimerServiceTests.swift */ = {isa = PBXFileReference; lastKnownFileType = sourcecode.swift; path = TimerServiceTests.swift; sourceTree = "<group>"; };
		AB1800000000000000000001 /* SaveGameStore.swift */ = {isa = PBXFileReference; lastKnownFileType = sourcecode.swift; path = SaveGameStore.swift; sourceTree = "<group>"; };
		AB1800000000000000000003 /* SaveGameStoreTests.swift */ = {isa = PBXFileReference; lastKnownFileType = sourcecode.swift; path = SaveGameStoreTests.swift; sourceTree = "<group>"; };
		AC1900000000000000000001 /* HomeView.swift */ = {isa = PBXFileReference; lastKnownFileType = sourcecode.swift; path = HomeView.swift; sourceTree = "<group>"; };
		AC1900000000000000000003 /* HomeCatalog.swift */ = {isa = PBXFileReference; lastKnownFileType = sourcecode.swift; path = HomeCatalog.swift; sourceTree = "<group>"; };
		AC1900000000000000000005 /* HomeCatalogTests.swift */ = {isa = PBXFileReference; lastKnownFileType = sourcecode.swift; path = HomeCatalogTests.swift; sourceTree = "<group>"; };
		AD2000000000000000000001 /* puzzle-002.json */ = {isa = PBXFileReference; lastKnownFileType = text.json; path = "puzzle-002.json"; sourceTree = "<group>"; };
		AD2000000000000000000003 /* puzzle-003.json */ = {isa = PBXFileReference; lastKnownFileType = text.json; path = "puzzle-003.json"; sourceTree = "<group>"; };
		AD2000000000000000000005 /* puzzle-004.json */ = {isa = PBXFileReference; lastKnownFileType = text.json; path = "puzzle-004.json"; sourceTree = "<group>"; };
		AD2000000000000000000007 /* puzzle-005.json */ = {isa = PBXFileReference; lastKnownFileType = text.json; path = "puzzle-005.json"; sourceTree = "<group>"; };
		AD2000000000000000000009 /* puzzle-006.json */ = {isa = PBXFileReference; lastKnownFileType = text.json; path = "puzzle-006.json"; sourceTree = "<group>"; };
		AD200000000000000000000B /* puzzle-007.json */ = {isa = PBXFileReference; lastKnownFileType = text.json; path = "puzzle-007.json"; sourceTree = "<group>"; };
		AD200000000000000000000D /* puzzle-008.json */ = {isa = PBXFileReference; lastKnownFileType = text.json; path = "puzzle-008.json"; sourceTree = "<group>"; };
		AD200000000000000000000F /* puzzle-009.json */ = {isa = PBXFileReference; lastKnownFileType = text.json; path = "puzzle-009.json"; sourceTree = "<group>"; };
		AE2100000000000000000001 /* LaunchScreen.storyboard */ = {isa = PBXFileReference; lastKnownFileType = file.storyboard; path = LaunchScreen.storyboard; sourceTree = "<group>"; };
		AF2200000000000000000001 /* TutorialView.swift */ = {isa = PBXFileReference; lastKnownFileType = sourcecode.swift; path = TutorialView.swift; sourceTree = "<group>"; };
		AF2200000000000000000003 /* TutorialCatalog.swift */ = {isa = PBXFileReference; lastKnownFileType = sourcecode.swift; path = TutorialCatalog.swift; sourceTree = "<group>"; };
		AF2200000000000000000005 /* TutorialCatalogTests.swift */ = {isa = PBXFileReference; lastKnownFileType = sourcecode.swift; path = TutorialCatalogTests.swift; sourceTree = "<group>"; };
		B02300000000000000000001 /* HapticService.swift */ = {isa = PBXFileReference; lastKnownFileType = sourcecode.swift; path = HapticService.swift; sourceTree = "<group>"; };
		B02300000000000000000003 /* HapticServiceTests.swift */ = {isa = PBXFileReference; lastKnownFileType = sourcecode.swift; path = HapticServiceTests.swift; sourceTree = "<group>"; };
		C30000000000000000000001 /* AnimalDokuTests.xctest */ = {isa = PBXFileReference; explicitFileType = wrapper.cfbundle; includeInIndex = 0; path = AnimalDokuTests.xctest; sourceTree = BUILT_PRODUCTS_DIR; };
		C30000000000000000000002 /* AnimalDokuTests.swift */ = {isa = PBXFileReference; lastKnownFileType = sourcecode.swift; path = AnimalDokuTests.swift; sourceTree = "<group>"; };
		C3000000000000000000000E /* AnimalDokuUITests.xctest */ = {isa = PBXFileReference; explicitFileType = wrapper.cfbundle; includeInIndex = 0; path = AnimalDokuUITests.xctest; sourceTree = BUILT_PRODUCTS_DIR; };
		C3000000000000000000000F /* AnimalDokuUITests.swift */ = {isa = PBXFileReference; lastKnownFileType = sourcecode.swift; path = AnimalDokuUITests.swift; sourceTree = "<group>"; };
		D40000000000000000000001 /* Colors.swift */ = {isa = PBXFileReference; lastKnownFileType = sourcecode.swift; path = Colors.swift; sourceTree = "<group>"; };
		D40000000000000000000003 /* Spacing.swift */ = {isa = PBXFileReference; lastKnownFileType = sourcecode.swift; path = Spacing.swift; sourceTree = "<group>"; };
		D40000000000000000000005 /* Typography.swift */ = {isa = PBXFileReference; lastKnownFileType = sourcecode.swift; path = Typography.swift; sourceTree = "<group>"; };
		D40000000000000000000007 /* TouchTarget.swift */ = {isa = PBXFileReference; lastKnownFileType = sourcecode.swift; path = TouchTarget.swift; sourceTree = "<group>"; };
		D40000000000000000000009 /* DesignSystemTests.swift */ = {isa = PBXFileReference; lastKnownFileType = sourcecode.swift; path = DesignSystemTests.swift; sourceTree = "<group>"; };
		D40000000000000000000011 /* Motion.swift */ = {isa = PBXFileReference; lastKnownFileType = sourcecode.swift; path = Motion.swift; sourceTree = "<group>"; };
		D40000000000000000000013 /* MotionTests.swift */ = {isa = PBXFileReference; lastKnownFileType = sourcecode.swift; path = MotionTests.swift; sourceTree = "<group>"; };
		D40000000000000000000015 /* HighContrastEnvironment.swift */ = {isa = PBXFileReference; lastKnownFileType = sourcecode.swift; path = HighContrastEnvironment.swift; sourceTree = "<group>"; };
		E50000000000000000000001 /* ThemeAssets.swift */ = {isa = PBXFileReference; lastKnownFileType = sourcecode.swift; path = ThemeAssets.swift; sourceTree = "<group>"; };
		E50000000000000000000003 /* ThemeAssetTests.swift */ = {isa = PBXFileReference; lastKnownFileType = sourcecode.swift; path = ThemeAssetTests.swift; sourceTree = "<group>"; };
		E50000000000000000000005 /* Sounds */ = {isa = PBXFileReference; lastKnownFileType = folder; path = Sounds; sourceTree = "<group>"; };
		E50000000000000000000007 /* ThemeCatalog.swift */ = {isa = PBXFileReference; lastKnownFileType = sourcecode.swift; path = ThemeCatalog.swift; sourceTree = "<group>"; };
		E50000000000000000000009 /* ThemeCatalogTests.swift */ = {isa = PBXFileReference; lastKnownFileType = sourcecode.swift; path = ThemeCatalogTests.swift; sourceTree = "<group>"; };
		F60000000000000000000001 /* Position.swift */ = {isa = PBXFileReference; lastKnownFileType = sourcecode.swift; path = Position.swift; sourceTree = "<group>"; };
		F60000000000000000000003 /* Cell.swift */ = {isa = PBXFileReference; lastKnownFileType = sourcecode.swift; path = Cell.swift; sourceTree = "<group>"; };
		F60000000000000000000005 /* Region.swift */ = {isa = PBXFileReference; lastKnownFileType = sourcecode.swift; path = Region.swift; sourceTree = "<group>"; };
		F60000000000000000000007 /* Puzzle.swift */ = {isa = PBXFileReference; lastKnownFileType = sourcecode.swift; path = Puzzle.swift; sourceTree = "<group>"; };
		F60000000000000000000009 /* Theme.swift */ = {isa = PBXFileReference; lastKnownFileType = sourcecode.swift; path = Theme.swift; sourceTree = "<group>"; };
		F6000000000000000000000B /* CoreTypesTests.swift */ = {isa = PBXFileReference; lastKnownFileType = sourcecode.swift; path = CoreTypesTests.swift; sourceTree = "<group>"; };
		F70000000000000000000001 /* GameAction.swift */ = {isa = PBXFileReference; lastKnownFileType = sourcecode.swift; path = GameAction.swift; sourceTree = "<group>"; };
		F70000000000000000000003 /* SaveGame.swift */ = {isa = PBXFileReference; lastKnownFileType = sourcecode.swift; path = SaveGame.swift; sourceTree = "<group>"; };
		F70000000000000000000005 /* GameActionSaveGameTests.swift */ = {isa = PBXFileReference; lastKnownFileType = sourcecode.swift; path = GameActionSaveGameTests.swift; sourceTree = "<group>"; };
		F80000000000000000000001 /* PuzzleLoader.swift */ = {isa = PBXFileReference; lastKnownFileType = sourcecode.swift; path = PuzzleLoader.swift; sourceTree = "<group>"; };
		F80000000000000000000003 /* puzzle-valid-4x4.json */ = {isa = PBXFileReference; lastKnownFileType = text.json; path = "puzzle-valid-4x4.json"; sourceTree = "<group>"; };
		F80000000000000000000005 /* PuzzleLoaderTests.swift */ = {isa = PBXFileReference; lastKnownFileType = sourcecode.swift; path = PuzzleLoaderTests.swift; sourceTree = "<group>"; };
		G70000000000000000000001 /* ValidationResult.swift */ = {isa = PBXFileReference; lastKnownFileType = sourcecode.swift; path = ValidationResult.swift; sourceTree = "<group>"; };
		G70000000000000000000003 /* Validator.swift */ = {isa = PBXFileReference; lastKnownFileType = sourcecode.swift; path = Validator.swift; sourceTree = "<group>"; };
		G70000000000000000000005 /* ValidatorUniquenessTests.swift */ = {isa = PBXFileReference; lastKnownFileType = sourcecode.swift; path = ValidatorUniquenessTests.swift; sourceTree = "<group>"; };
		H80000000000000000000001 /* ValidatorAdjacencyTests.swift */ = {isa = PBXFileReference; lastKnownFileType = sourcecode.swift; path = ValidatorAdjacencyTests.swift; sourceTree = "<group>"; };
		I90000000000000000000001 /* ValidatorCompletionTests.swift */ = {isa = PBXFileReference; lastKnownFileType = sourcecode.swift; path = ValidatorCompletionTests.swift; sourceTree = "<group>"; };
		J00000000000000000000001 /* ValidatorValidateTests.swift */ = {isa = PBXFileReference; lastKnownFileType = sourcecode.swift; path = ValidatorValidateTests.swift; sourceTree = "<group>"; };
		K10000000000000000000001 /* GameSession.swift */ = {isa = PBXFileReference; lastKnownFileType = sourcecode.swift; path = GameSession.swift; sourceTree = "<group>"; };
		K10000000000000000000003 /* GameSessionTests.swift */ = {isa = PBXFileReference; lastKnownFileType = sourcecode.swift; path = GameSessionTests.swift; sourceTree = "<group>"; };
		L20000000000000000000001 /* HintService.swift */ = {isa = PBXFileReference; lastKnownFileType = sourcecode.swift; path = HintService.swift; sourceTree = "<group>"; };
		L20000000000000000000003 /* HintServiceTests.swift */ = {isa = PBXFileReference; lastKnownFileType = sourcecode.swift; path = HintServiceTests.swift; sourceTree = "<group>"; };
		M30000000000000000000001 /* TestPuzzleFactory.swift */ = {isa = PBXFileReference; lastKnownFileType = sourcecode.swift; path = TestPuzzleFactory.swift; sourceTree = "<group>"; };
		N40000000000000000000001 /* CellView.swift */ = {isa = PBXFileReference; lastKnownFileType = sourcecode.swift; path = CellView.swift; sourceTree = "<group>"; };
		P83000000000000000000001 /* AnimalHeadView.swift */ = {isa = PBXFileReference; lastKnownFileType = sourcecode.swift; path = AnimalHeadView.swift; sourceTree = "<group>"; };
		P83000000000000000000003 /* AnimalHeadViewTests.swift */ = {isa = PBXFileReference; lastKnownFileType = sourcecode.swift; path = AnimalHeadViewTests.swift; sourceTree = "<group>"; };
		N40000000000000000000003 /* CellViewTests.swift */ = {isa = PBXFileReference; lastKnownFileType = sourcecode.swift; path = CellViewTests.swift; sourceTree = "<group>"; };
		O50000000000000000000001 /* BoardView.swift */ = {isa = PBXFileReference; lastKnownFileType = sourcecode.swift; path = BoardView.swift; sourceTree = "<group>"; };
		O50000000000000000000003 /* RegionColorMap.swift */ = {isa = PBXFileReference; lastKnownFileType = sourcecode.swift; path = RegionColorMap.swift; sourceTree = "<group>"; };
		O50000000000000000000005 /* BoardViewTests.swift */ = {isa = PBXFileReference; lastKnownFileType = sourcecode.swift; path = BoardViewTests.swift; sourceTree = "<group>"; };
		P60000000000000000000001 /* RegionPattern.swift */ = {isa = PBXFileReference; lastKnownFileType = sourcecode.swift; path = RegionPattern.swift; sourceTree = "<group>"; };
		P60000000000000000000003 /* RegionPatternTests.swift */ = {isa = PBXFileReference; lastKnownFileType = sourcecode.swift; path = RegionPatternTests.swift; sourceTree = "<group>"; };
		P62000000000000000000001 /* UITestReduceMotionModifier.swift */ = {isa = PBXFileReference; lastKnownFileType = sourcecode.swift; path = UITestReduceMotionModifier.swift; sourceTree = "<group>"; };
		P62000000000000000000003 /* GameplayUITests.swift */ = {isa = PBXFileReference; lastKnownFileType = sourcecode.swift; path = GameplayUITests.swift; sourceTree = "<group>"; };
		P62000000000000000000005 /* Puzzle001Solution.swift */ = {isa = PBXFileReference; lastKnownFileType = sourcecode.swift; path = Puzzle001Solution.swift; sourceTree = "<group>"; };
		P62000000000000000000007 /* Puzzle001SolutionContractTests.swift */ = {isa = PBXFileReference; lastKnownFileType = sourcecode.swift; path = Puzzle001SolutionContractTests.swift; sourceTree = "<group>"; };
		P63000000000000000000001 /* AccessibilityUITests.swift */ = {isa = PBXFileReference; lastKnownFileType = sourcecode.swift; path = AccessibilityUITests.swift; sourceTree = "<group>"; };
		P64000000000000000000001 /* DeviceMatrixUITests.swift */ = {isa = PBXFileReference; lastKnownFileType = sourcecode.swift; path = DeviceMatrixUITests.swift; sourceTree = "<group>"; };
		P71000000000000000000001 /* PrivacyInfo.xcprivacy */ = {isa = PBXFileReference; lastKnownFileType = text.plist.xml; path = PrivacyInfo.xcprivacy; sourceTree = "<group>"; };
		P71000000000000000000003 /* PrivacyManifestTests.swift */ = {isa = PBXFileReference; lastKnownFileType = sourcecode.swift; path = PrivacyManifestTests.swift; sourceTree = "<group>"; };
		Q70000000000000000000003 /* InputModeToggleTests.swift */ = {isa = PBXFileReference; lastKnownFileType = sourcecode.swift; path = InputModeToggleTests.swift; sourceTree = "<group>"; };
		R80000000000000000000001 /* GameToolbar.swift */ = {isa = PBXFileReference; lastKnownFileType = sourcecode.swift; path = GameToolbar.swift; sourceTree = "<group>"; };
		R80000000000000000000003 /* GameToolbarTests.swift */ = {isa = PBXFileReference; lastKnownFileType = sourcecode.swift; path = GameToolbarTests.swift; sourceTree = "<group>"; };
		S90000000000000000000001 /* GameViewModel.swift */ = {isa = PBXFileReference; lastKnownFileType = sourcecode.swift; path = GameViewModel.swift; sourceTree = "<group>"; };
		S90000000000000000000003 /* GameViewModelTests.swift */ = {isa = PBXFileReference; lastKnownFileType = sourcecode.swift; path = GameViewModelTests.swift; sourceTree = "<group>"; };
		T10000000000000000000001 /* GameView.swift */ = {isa = PBXFileReference; lastKnownFileType = sourcecode.swift; path = GameView.swift; sourceTree = "<group>"; };
		T10000000000000000000003 /* WinScreen.swift */ = {isa = PBXFileReference; lastKnownFileType = sourcecode.swift; path = WinScreen.swift; sourceTree = "<group>"; };
		T10000000000000000000005 /* puzzle-001.json */ = {isa = PBXFileReference; lastKnownFileType = text.json; path = "puzzle-001.json"; sourceTree = "<group>"; };
		U11000000000000000000001 /* WinScreenTests.swift */ = {isa = PBXFileReference; lastKnownFileType = sourcecode.swift; path = WinScreenTests.swift; sourceTree = "<group>"; };
		V12000000000000000000001 /* AppLaunchConfiguration.swift */ = {isa = PBXFileReference; lastKnownFileType = sourcecode.swift; path = AppLaunchConfiguration.swift; sourceTree = "<group>"; };
		V12000000000000000000003 /* PuzzleLoadErrorView.swift */ = {isa = PBXFileReference; lastKnownFileType = sourcecode.swift; path = PuzzleLoadErrorView.swift; sourceTree = "<group>"; };
		V12000000000000000000005 /* AppLaunchConfigurationTests.swift */ = {isa = PBXFileReference; lastKnownFileType = sourcecode.swift; path = AppLaunchConfigurationTests.swift; sourceTree = "<group>"; };
		W13000000000000000000001 /* BoardBuilder.swift */ = {isa = PBXFileReference; lastKnownFileType = sourcecode.swift; path = BoardBuilder.swift; sourceTree = "<group>"; };
		W13000000000000000000003 /* PuzzleSolver.swift */ = {isa = PBXFileReference; lastKnownFileType = sourcecode.swift; path = PuzzleSolver.swift; sourceTree = "<group>"; };
		W13000000000000000000005 /* PuzzleIntegrityTests.swift */ = {isa = PBXFileReference; lastKnownFileType = sourcecode.swift; path = PuzzleIntegrityTests.swift; sourceTree = "<group>"; };
		X14000000000000000000001 /* SettingsStore.swift */ = {isa = PBXFileReference; lastKnownFileType = sourcecode.swift; path = SettingsStore.swift; sourceTree = "<group>"; };
		X14000000000000000000003 /* ThemePicker.swift */ = {isa = PBXFileReference; lastKnownFileType = sourcecode.swift; path = ThemePicker.swift; sourceTree = "<group>"; };
		X14000000000000000000005 /* SettingsStoreTests.swift */ = {isa = PBXFileReference; lastKnownFileType = sourcecode.swift; path = SettingsStoreTests.swift; sourceTree = "<group>"; };
		X14000000000000000000007 /* ThemePickerTests.swift */ = {isa = PBXFileReference; lastKnownFileType = sourcecode.swift; path = ThemePickerTests.swift; sourceTree = "<group>"; };
		Y15000000000000000000001 /* SettingsView.swift */ = {isa = PBXFileReference; lastKnownFileType = sourcecode.swift; path = SettingsView.swift; sourceTree = "<group>"; };
		Y15000000000000000000003 /* SettingsViewTests.swift */ = {isa = PBXFileReference; lastKnownFileType = sourcecode.swift; path = SettingsViewTests.swift; sourceTree = "<group>"; };
		Z16000000000000000000001 /* SoundService.swift */ = {isa = PBXFileReference; lastKnownFileType = sourcecode.swift; path = SoundService.swift; sourceTree = "<group>"; };
		Z16000000000000000000003 /* SoundServiceTests.swift */ = {isa = PBXFileReference; lastKnownFileType = sourcecode.swift; path = SoundServiceTests.swift; sourceTree = "<group>"; };
/* End PBXFileReference section */

/* Begin PBXFrameworksBuildPhase section */
		A10000000000000000000008 /* Frameworks */ = {
			isa = PBXFrameworksBuildPhase;
			buildActionMask = 2147483647;
			files = (
			);
			runOnlyForDeploymentPostprocessing = 0;
		};
		C30000000000000000000006 /* Frameworks */ = {
			isa = PBXFrameworksBuildPhase;
			buildActionMask = 2147483647;
			files = (
			);
			runOnlyForDeploymentPostprocessing = 0;
		};
		C30000000000000000000013 /* Frameworks */ = {
			isa = PBXFrameworksBuildPhase;
			buildActionMask = 2147483647;
			files = (
			);
			runOnlyForDeploymentPostprocessing = 0;
		};
/* End PBXFrameworksBuildPhase section */

/* Begin PBXGroup section */
		A10000000000000000000009 = {
			isa = PBXGroup;
			children = (
				A1000000000000000000000A /* App */,
				B20000000000000000000001 /* Models */,
				B20000000000000000000002 /* Engine */,
				B20000000000000000000003 /* Services */,
				B20000000000000000000004 /* ViewModels */,
				A1000000000000000000000B /* UI */,
				B20000000000000000000005 /* Themes */,
				B20000000000000000000006 /* Resources */,
				B20000000000000000000007 /* Tests */,
				C30000000000000000000018 /* AnimalDokuUITests */,
				A10000000000000000000006 /* Assets.xcassets */,
				A1000000000000000000000C /* Products */,
			);
			sourceTree = "<group>";
		};
		A1000000000000000000000A /* App */ = {
			isa = PBXGroup;
			children = (
				A10000000000000000000002 /* AnimalDokuApp.swift */,
				F82000000000000000000003 /* AppFontRegistration.swift */,
				F82000000000000000000005 /* Info.plist */,
				V12000000000000000000001 /* AppLaunchConfiguration.swift */,
				P62000000000000000000001 /* UITestReduceMotionModifier.swift */,
				AE2100000000000000000001 /* LaunchScreen.storyboard */,
				P71000000000000000000001 /* PrivacyInfo.xcprivacy */,
			);
			path = App;
			sourceTree = "<group>";
		};
		A1000000000000000000000B /* UI */ = {
			isa = PBXGroup;
			children = (
				B20000000000000000000008 /* DesignSystem */,
				B20000000000000000000009 /* Components */,
				B2000000000000000000000A /* Screens */,
				A10000000000000000000004 /* ContentView.swift */,
			);
			path = UI;
			sourceTree = "<group>";
		};
		A1000000000000000000000C /* Products */ = {
			isa = PBXGroup;
			children = (
				A10000000000000000000007 /* AnimalDoku.app */,
				C30000000000000000000001 /* AnimalDokuTests.xctest */,
				C3000000000000000000000E /* AnimalDokuUITests.xctest */,
			);
			name = Products;
			sourceTree = "<group>";
		};
		B20000000000000000000001 /* Models */ = {
			isa = PBXGroup;
			children = (
				F60000000000000000000001 /* Position.swift */,
				F60000000000000000000003 /* Cell.swift */,
				F60000000000000000000005 /* Region.swift */,
				F60000000000000000000007 /* Puzzle.swift */,
				F60000000000000000000009 /* Theme.swift */,
				F70000000000000000000001 /* GameAction.swift */,
				F70000000000000000000003 /* SaveGame.swift */,
			);
			path = Models;
			sourceTree = "<group>";
		};
		B20000000000000000000002 /* Engine */ = {
			isa = PBXGroup;
			children = (
				G70000000000000000000001 /* ValidationResult.swift */,
				G70000000000000000000003 /* Validator.swift */,
				K10000000000000000000001 /* GameSession.swift */,
				L20000000000000000000001 /* HintService.swift */,
				AA1700000000000000000001 /* TimerService.swift */,
			);
			path = Engine;
			sourceTree = "<group>";
		};
		B20000000000000000000003 /* Services */ = {
			isa = PBXGroup;
			children = (
				F80000000000000000000001 /* PuzzleLoader.swift */,
				X14000000000000000000001 /* SettingsStore.swift */,
				Z16000000000000000000001 /* SoundService.swift */,
				B02300000000000000000001 /* HapticService.swift */,
				AB1800000000000000000001 /* SaveGameStore.swift */,
			);
			path = Services;
			sourceTree = "<group>";
		};
		B20000000000000000000004 /* ViewModels */ = {
			isa = PBXGroup;
			children = (
				S90000000000000000000001 /* GameViewModel.swift */,
			);
			path = ViewModels;
			sourceTree = "<group>";
		};
		B20000000000000000000005 /* Themes */ = {
			isa = PBXGroup;
			children = (
				E50000000000000000000001 /* ThemeAssets.swift */,
				E50000000000000000000007 /* ThemeCatalog.swift */,
			);
			path = Themes;
			sourceTree = "<group>";
		};
		B20000000000000000000006 /* Resources */ = {
			isa = PBXGroup;
			children = (
				F82000000000000000000001 /* VaselineExtra.ttf */,
				B2000000000000000000000B /* Puzzles */,
				E50000000000000000000005 /* Sounds */,
			);
			path = Resources;
			sourceTree = "<group>";
		};
		B20000000000000000000007 /* Tests */ = {
			isa = PBXGroup;
			children = (
				C30000000000000000000002 /* AnimalDokuTests.swift */,
				W13000000000000000000005 /* PuzzleIntegrityTests.swift */,
				P62000000000000000000007 /* Puzzle001SolutionContractTests.swift */,
				D40000000000000000000009 /* DesignSystemTests.swift */,
				E50000000000000000000003 /* ThemeAssetTests.swift */,
				E50000000000000000000009 /* ThemeCatalogTests.swift */,
				F80000000000000000000005 /* PuzzleLoaderTests.swift */,
				X14000000000000000000005 /* SettingsStoreTests.swift */,
				Z16000000000000000000003 /* SoundServiceTests.swift */,
				B02300000000000000000003 /* HapticServiceTests.swift */,
				AB1800000000000000000003 /* SaveGameStoreTests.swift */,
				B2000000000000000000000F /* Fixtures */,
				W13000000000000000000007 /* Helpers */,
				B2000000000000000000000D /* Engine */,
				B2000000000000000000000E /* Models */,
				B20000000000000000000010 /* UI */,
				B20000000000000000000011 /* ViewModels */,
				B20000000000000000000012 /* App */,
			);
			path = Tests;
			sourceTree = "<group>";
		};
		B20000000000000000000008 /* DesignSystem */ = {
			isa = PBXGroup;
			children = (
				D40000000000000000000001 /* Colors.swift */,
				D40000000000000000000015 /* HighContrastEnvironment.swift */,
				D40000000000000000000003 /* Spacing.swift */,
				D40000000000000000000005 /* Typography.swift */,
				D40000000000000000000007 /* TouchTarget.swift */,
				D40000000000000000000011 /* Motion.swift */,
			);
			path = DesignSystem;
			sourceTree = "<group>";
		};
		B20000000000000000000009 /* Components */ = {
			isa = PBXGroup;
			children = (
				N40000000000000000000001 /* CellView.swift */,
				P83000000000000000000001 /* AnimalHeadView.swift */,
				O50000000000000000000001 /* BoardView.swift */,
				O50000000000000000000003 /* RegionColorMap.swift */,
				P60000000000000000000001 /* RegionPattern.swift */,
				R80000000000000000000001 /* GameToolbar.swift */,
				X14000000000000000000003 /* ThemePicker.swift */,
			);
			path = Components;
			sourceTree = "<group>";
		};
		B2000000000000000000000A /* Screens */ = {
			isa = PBXGroup;
			children = (
				AC1900000000000000000003 /* HomeCatalog.swift */,
				AC1900000000000000000001 /* HomeView.swift */,
				AF2200000000000000000003 /* TutorialCatalog.swift */,
				AF2200000000000000000001 /* TutorialView.swift */,
				T10000000000000000000001 /* GameView.swift */,
				T10000000000000000000003 /* WinScreen.swift */,
				Y15000000000000000000001 /* SettingsView.swift */,
				V12000000000000000000003 /* PuzzleLoadErrorView.swift */,
			);
			path = Screens;
			sourceTree = "<group>";
		};
		B2000000000000000000000B /* Puzzles */ = {
			isa = PBXGroup;
			children = (
				F80000000000000000000003 /* puzzle-valid-4x4.json */,
				T10000000000000000000005 /* puzzle-001.json */,
				AD2000000000000000000001 /* puzzle-002.json */,
				AD2000000000000000000003 /* puzzle-003.json */,
				AD2000000000000000000005 /* puzzle-004.json */,
				AD2000000000000000000007 /* puzzle-005.json */,
				AD2000000000000000000009 /* puzzle-006.json */,
				AD200000000000000000000B /* puzzle-007.json */,
				AD200000000000000000000D /* puzzle-008.json */,
				AD200000000000000000000F /* puzzle-009.json */,
			);
			path = Puzzles;
			sourceTree = "<group>";
		};
		B2000000000000000000000D /* Engine */ = {
			isa = PBXGroup;
			children = (
				G70000000000000000000005 /* ValidatorUniquenessTests.swift */,
				H80000000000000000000001 /* ValidatorAdjacencyTests.swift */,
				I90000000000000000000001 /* ValidatorCompletionTests.swift */,
				J00000000000000000000001 /* ValidatorValidateTests.swift */,
				K10000000000000000000003 /* GameSessionTests.swift */,
				L20000000000000000000003 /* HintServiceTests.swift */,
				AA1700000000000000000003 /* TimerServiceTests.swift */,
			);
			path = Engine;
			sourceTree = "<group>";
		};
		B2000000000000000000000E /* Models */ = {
			isa = PBXGroup;
			children = (
				F6000000000000000000000B /* CoreTypesTests.swift */,
				F70000000000000000000005 /* GameActionSaveGameTests.swift */,
			);
			path = Models;
			sourceTree = "<group>";
		};
		B2000000000000000000000F /* Fixtures */ = {
			isa = PBXGroup;
			children = (
				M30000000000000000000001 /* TestPuzzleFactory.swift */,
			);
			path = Fixtures;
			sourceTree = "<group>";
		};
		B20000000000000000000010 /* UI */ = {
			isa = PBXGroup;
			children = (
				N40000000000000000000003 /* CellViewTests.swift */,
				P83000000000000000000003 /* AnimalHeadViewTests.swift */,
				D40000000000000000000013 /* MotionTests.swift */,
				O50000000000000000000005 /* BoardViewTests.swift */,
				P60000000000000000000003 /* RegionPatternTests.swift */,
				Q70000000000000000000003 /* InputModeToggleTests.swift */,
				R80000000000000000000003 /* GameToolbarTests.swift */,
				U11000000000000000000001 /* WinScreenTests.swift */,
				X14000000000000000000007 /* ThemePickerTests.swift */,
				Y15000000000000000000003 /* SettingsViewTests.swift */,
				AC1900000000000000000005 /* HomeCatalogTests.swift */,
				AF2200000000000000000005 /* TutorialCatalogTests.swift */,
			);
			path = UI;
			sourceTree = "<group>";
		};
		B20000000000000000000011 /* ViewModels */ = {
			isa = PBXGroup;
			children = (
				S90000000000000000000003 /* GameViewModelTests.swift */,
			);
			path = ViewModels;
			sourceTree = "<group>";
		};
		B20000000000000000000012 /* App */ = {
			isa = PBXGroup;
			children = (
				V12000000000000000000005 /* AppLaunchConfigurationTests.swift */,
				P71000000000000000000003 /* PrivacyManifestTests.swift */,
			);
			path = App;
			sourceTree = "<group>";
		};
		C30000000000000000000018 /* AnimalDokuUITests */ = {
			isa = PBXGroup;
			children = (
				C3000000000000000000000F /* AnimalDokuUITests.swift */,
				P62000000000000000000003 /* GameplayUITests.swift */,
				P63000000000000000000001 /* AccessibilityUITests.swift */,
				P64000000000000000000001 /* DeviceMatrixUITests.swift */,
				P62000000000000000000009 /* Fixtures */,
			);
			path = AnimalDokuUITests;
			sourceTree = "<group>";
		};
		P62000000000000000000009 /* Fixtures */ = {
			isa = PBXGroup;
			children = (
				P62000000000000000000005 /* Puzzle001Solution.swift */,
			);
			path = Fixtures;
			sourceTree = "<group>";
		};
		W13000000000000000000007 /* Helpers */ = {
			isa = PBXGroup;
			children = (
				W13000000000000000000001 /* BoardBuilder.swift */,
				W13000000000000000000003 /* PuzzleSolver.swift */,
			);
			path = Helpers;
			sourceTree = "<group>";
		};
/* End PBXGroup section */

/* Begin PBXNativeTarget section */
		A1000000000000000000000D /* AnimalDoku */ = {
			isa = PBXNativeTarget;
			buildConfigurationList = A1000000000000000000000E /* Build configuration list for PBXNativeTarget "AnimalDoku" */;
			buildPhases = (
				A1000000000000000000000F /* Sources */,
				A10000000000000000000008 /* Frameworks */,
				A10000000000000000000010 /* Resources */,
			);
			buildRules = (
			);
			dependencies = (
			);
			name = AnimalDoku;
			productName = AnimalDoku;
			productReference = A10000000000000000000007 /* AnimalDoku.app */;
			productType = "com.apple.product-type.application";
		};
		C30000000000000000000004 /* AnimalDokuTests */ = {
			isa = PBXNativeTarget;
			buildConfigurationList = C30000000000000000000008 /* Build configuration list for PBXNativeTarget "AnimalDokuTests" */;
			buildPhases = (
				C30000000000000000000005 /* Sources */,
				C30000000000000000000006 /* Frameworks */,
				C30000000000000000000007 /* Resources */,
			);
			buildRules = (
			);
			dependencies = (
				C3000000000000000000000C /* PBXTargetDependency */,
			);
			name = AnimalDokuTests;
			productName = AnimalDokuTests;
			productReference = C30000000000000000000001 /* AnimalDokuTests.xctest */;
			productType = "com.apple.product-type.bundle.unit-test";
		};
		C30000000000000000000011 /* AnimalDokuUITests */ = {
			isa = PBXNativeTarget;
			buildConfigurationList = C30000000000000000000015 /* Build configuration list for PBXNativeTarget "AnimalDokuUITests" */;
			buildPhases = (
				C30000000000000000000012 /* Sources */,
				C30000000000000000000013 /* Frameworks */,
				C30000000000000000000014 /* Resources */,
			);
			buildRules = (
			);
			dependencies = (
				C30000000000000000000019 /* PBXTargetDependency */,
			);
			name = AnimalDokuUITests;
			productName = AnimalDokuUITests;
			productReference = C3000000000000000000000E /* AnimalDokuUITests.xctest */;
			productType = "com.apple.product-type.bundle.ui-testing";
		};
/* End PBXNativeTarget section */

/* Begin PBXProject section */
		A10000000000000000000011 /* Project object */ = {
			isa = PBXProject;
			attributes = {
				BuildIndependentTargetsInParallel = 1;
				LastSwiftUpdateCheck = 1500;
				LastUpgradeCheck = 2660;
				TargetAttributes = {
					A1000000000000000000000D = {
						CreatedOnToolsVersion = 15.0;
					};
					C30000000000000000000004 = {
						CreatedOnToolsVersion = 15.0;
						TestTargetID = A1000000000000000000000D;
					};
					C30000000000000000000011 = {
						CreatedOnToolsVersion = 15.0;
						TestTargetID = A1000000000000000000000D;
					};
				};
			};
			buildConfigurationList = A10000000000000000000012 /* Build configuration list for PBXProject "AnimalDoku" */;
			compatibilityVersion = "Xcode 14.0";
			developmentRegion = en;
			hasScannedForEncodings = 0;
			knownRegions = (
				en,
				Base,
			);
			mainGroup = A10000000000000000000009;
			productRefGroup = A1000000000000000000000C /* Products */;
			projectDirPath = "";
			projectRoot = "";
			targets = (
				A1000000000000000000000D /* AnimalDoku */,
				C30000000000000000000004 /* AnimalDokuTests */,
				C30000000000000000000011 /* AnimalDokuUITests */,
			);
		};
/* End PBXProject section */

/* Begin PBXResourcesBuildPhase section */
		A10000000000000000000010 /* Resources */ = {
			isa = PBXResourcesBuildPhase;
			buildActionMask = 2147483647;
			files = (
				A10000000000000000000005 /* Assets.xcassets in Resources */,
				F82000000000000000000002 /* VaselineExtra.ttf in Resources */,
				AE2100000000000000000002 /* LaunchScreen.storyboard in Resources */,
				P71000000000000000000002 /* PrivacyInfo.xcprivacy in Resources */,
				E50000000000000000000006 /* Sounds in Resources */,
				F80000000000000000000004 /* puzzle-valid-4x4.json in Resources */,
				T10000000000000000000006 /* puzzle-001.json in Resources */,
				AD2000000000000000000002 /* puzzle-002.json in Resources */,
				AD2000000000000000000004 /* puzzle-003.json in Resources */,
				AD2000000000000000000006 /* puzzle-004.json in Resources */,
				AD2000000000000000000008 /* puzzle-005.json in Resources */,
				AD200000000000000000000A /* puzzle-006.json in Resources */,
				AD200000000000000000000C /* puzzle-007.json in Resources */,
				AD200000000000000000000E /* puzzle-008.json in Resources */,
				AD2000000000000000000010 /* puzzle-009.json in Resources */,
			);
			runOnlyForDeploymentPostprocessing = 0;
		};
		C30000000000000000000007 /* Resources */ = {
			isa = PBXResourcesBuildPhase;
			buildActionMask = 2147483647;
			files = (
			);
			runOnlyForDeploymentPostprocessing = 0;
		};
		C30000000000000000000014 /* Resources */ = {
			isa = PBXResourcesBuildPhase;
			buildActionMask = 2147483647;
			files = (
			);
			runOnlyForDeploymentPostprocessing = 0;
		};
/* End PBXResourcesBuildPhase section */

/* Begin PBXSourcesBuildPhase section */
		A1000000000000000000000F /* Sources */ = {
			isa = PBXSourcesBuildPhase;
			buildActionMask = 2147483647;
			files = (
				A10000000000000000000001 /* AnimalDokuApp.swift in Sources */,
				F82000000000000000000004 /* AppFontRegistration.swift in Sources */,
				A10000000000000000000003 /* ContentView.swift in Sources */,
				D40000000000000000000002 /* Colors.swift in Sources */,
				D40000000000000000000016 /* HighContrastEnvironment.swift in Sources */,
				D40000000000000000000004 /* Spacing.swift in Sources */,
				D40000000000000000000006 /* Typography.swift in Sources */,
				D40000000000000000000008 /* TouchTarget.swift in Sources */,
				D40000000000000000000012 /* Motion.swift in Sources */,
				E50000000000000000000002 /* ThemeAssets.swift in Sources */,
				E50000000000000000000008 /* ThemeCatalog.swift in Sources */,
				F60000000000000000000002 /* Position.swift in Sources */,
				F60000000000000000000004 /* Cell.swift in Sources */,
				F60000000000000000000006 /* Region.swift in Sources */,
				F60000000000000000000008 /* Puzzle.swift in Sources */,
				F6000000000000000000000A /* Theme.swift in Sources */,
				F70000000000000000000002 /* GameAction.swift in Sources */,
				F70000000000000000000004 /* SaveGame.swift in Sources */,
				F80000000000000000000002 /* PuzzleLoader.swift in Sources */,
				X14000000000000000000002 /* SettingsStore.swift in Sources */,
				Z16000000000000000000002 /* SoundService.swift in Sources */,
				B02300000000000000000002 /* HapticService.swift in Sources */,
				AB1800000000000000000002 /* SaveGameStore.swift in Sources */,
				G70000000000000000000002 /* ValidationResult.swift in Sources */,
				G70000000000000000000004 /* Validator.swift in Sources */,
				K10000000000000000000002 /* GameSession.swift in Sources */,
				AA1700000000000000000002 /* TimerService.swift in Sources */,
				L20000000000000000000002 /* HintService.swift in Sources */,
				N40000000000000000000002 /* CellView.swift in Sources */,
				P83000000000000000000002 /* AnimalHeadView.swift in Sources */,
				O50000000000000000000002 /* BoardView.swift in Sources */,
				O50000000000000000000004 /* RegionColorMap.swift in Sources */,
				P60000000000000000000002 /* RegionPattern.swift in Sources */,
				R80000000000000000000002 /* GameToolbar.swift in Sources */,
				X14000000000000000000004 /* ThemePicker.swift in Sources */,
				S90000000000000000000002 /* GameViewModel.swift in Sources */,
				T10000000000000000000002 /* GameView.swift in Sources */,
				T10000000000000000000004 /* WinScreen.swift in Sources */,
				Y15000000000000000000002 /* SettingsView.swift in Sources */,
				AC1900000000000000000002 /* HomeView.swift in Sources */,
				AC1900000000000000000004 /* HomeCatalog.swift in Sources */,
				AF2200000000000000000002 /* TutorialView.swift in Sources */,
				AF2200000000000000000004 /* TutorialCatalog.swift in Sources */,
				V12000000000000000000002 /* AppLaunchConfiguration.swift in Sources */,
				P62000000000000000000002 /* UITestReduceMotionModifier.swift in Sources */,
				V12000000000000000000004 /* PuzzleLoadErrorView.swift in Sources */,
			);
			runOnlyForDeploymentPostprocessing = 0;
		};
		C30000000000000000000005 /* Sources */ = {
			isa = PBXSourcesBuildPhase;
			buildActionMask = 2147483647;
			files = (
				C30000000000000000000003 /* AnimalDokuTests.swift in Sources */,
				D40000000000000000000010 /* DesignSystemTests.swift in Sources */,
				E50000000000000000000004 /* ThemeAssetTests.swift in Sources */,
				E5000000000000000000000A /* ThemeCatalogTests.swift in Sources */,
				F6000000000000000000000C /* CoreTypesTests.swift in Sources */,
				F70000000000000000000006 /* GameActionSaveGameTests.swift in Sources */,
				F80000000000000000000006 /* PuzzleLoaderTests.swift in Sources */,
				X14000000000000000000006 /* SettingsStoreTests.swift in Sources */,
				Z16000000000000000000004 /* SoundServiceTests.swift in Sources */,
				B02300000000000000000004 /* HapticServiceTests.swift in Sources */,
				AB1800000000000000000004 /* SaveGameStoreTests.swift in Sources */,
				G70000000000000000000006 /* ValidatorUniquenessTests.swift in Sources */,
				H80000000000000000000002 /* ValidatorAdjacencyTests.swift in Sources */,
				I90000000000000000000002 /* ValidatorCompletionTests.swift in Sources */,
				J00000000000000000000002 /* ValidatorValidateTests.swift in Sources */,
				K10000000000000000000004 /* GameSessionTests.swift in Sources */,
				AA1700000000000000000004 /* TimerServiceTests.swift in Sources */,
				L20000000000000000000004 /* HintServiceTests.swift in Sources */,
				M30000000000000000000002 /* TestPuzzleFactory.swift in Sources */,
				N40000000000000000000004 /* CellViewTests.swift in Sources */,
				P83000000000000000000004 /* AnimalHeadViewTests.swift in Sources */,
				D40000000000000000000014 /* MotionTests.swift in Sources */,
				O50000000000000000000006 /* BoardViewTests.swift in Sources */,
				P60000000000000000000004 /* RegionPatternTests.swift in Sources */,
				Q70000000000000000000004 /* InputModeToggleTests.swift in Sources */,
				R80000000000000000000004 /* GameToolbarTests.swift in Sources */,
				S90000000000000000000004 /* GameViewModelTests.swift in Sources */,
				U11000000000000000000002 /* WinScreenTests.swift in Sources */,
				X14000000000000000000008 /* ThemePickerTests.swift in Sources */,
				Y15000000000000000000004 /* SettingsViewTests.swift in Sources */,
				AC1900000000000000000006 /* HomeCatalogTests.swift in Sources */,
				AF2200000000000000000006 /* TutorialCatalogTests.swift in Sources */,
				V12000000000000000000006 /* AppLaunchConfigurationTests.swift in Sources */,
				P71000000000000000000004 /* PrivacyManifestTests.swift in Sources */,
				W13000000000000000000002 /* BoardBuilder.swift in Sources */,
				W13000000000000000000004 /* PuzzleSolver.swift in Sources */,
				W13000000000000000000006 /* PuzzleIntegrityTests.swift in Sources */,
				P62000000000000000000008 /* Puzzle001SolutionContractTests.swift in Sources */,
			);
			runOnlyForDeploymentPostprocessing = 0;
		};
		C30000000000000000000012 /* Sources */ = {
			isa = PBXSourcesBuildPhase;
			buildActionMask = 2147483647;
			files = (
				C30000000000000000000010 /* AnimalDokuUITests.swift in Sources */,
				P62000000000000000000004 /* GameplayUITests.swift in Sources */,
				P63000000000000000000002 /* AccessibilityUITests.swift in Sources */,
				P64000000000000000000002 /* DeviceMatrixUITests.swift in Sources */,
				P62000000000000000000006 /* Puzzle001Solution.swift in Sources */,
			);
			runOnlyForDeploymentPostprocessing = 0;
		};
/* End PBXSourcesBuildPhase section */

/* Begin PBXTargetDependency section */
		C3000000000000000000000C /* PBXTargetDependency */ = {
			isa = PBXTargetDependency;
			target = A1000000000000000000000D /* AnimalDoku */;
			targetProxy = C3000000000000000000000D /* PBXContainerItemProxy */;
		};
		C30000000000000000000019 /* PBXTargetDependency */ = {
			isa = PBXTargetDependency;
			target = A1000000000000000000000D /* AnimalDoku */;
			targetProxy = C3000000000000000000001A /* PBXContainerItemProxy */;
		};
/* End PBXTargetDependency section */

/* Begin XCBuildConfiguration section */
		A10000000000000000000013 /* Debug */ = {
			isa = XCBuildConfiguration;
			buildSettings = {
				ALWAYS_SEARCH_USER_PATHS = NO;
				ASSETCATALOG_COMPILER_GENERATE_SWIFT_ASSET_SYMBOL_EXTENSIONS = YES;
				CLANG_ANALYZER_NONNULL = YES;
				CLANG_ANALYZER_NUMBER_OBJECT_CONVERSION = YES_AGGRESSIVE;
				CLANG_CXX_LANGUAGE_STANDARD = "gnu++20";
				CLANG_ENABLE_MODULES = YES;
				CLANG_ENABLE_OBJC_ARC = YES;
				CLANG_ENABLE_OBJC_WEAK = YES;
				CLANG_WARN_BLOCK_CAPTURE_AUTORELEASING = YES;
				CLANG_WARN_BOOL_CONVERSION = YES;
				CLANG_WARN_COMMA = YES;
				CLANG_WARN_CONSTANT_CONVERSION = YES;
				CLANG_WARN_DEPRECATED_OBJC_IMPLEMENTATIONS = YES;
				CLANG_WARN_DIRECT_OBJC_ISA_USAGE = YES_ERROR;
				CLANG_WARN_DOCUMENTATION_COMMENTS = YES;
				CLANG_WARN_EMPTY_BODY = YES;
				CLANG_WARN_ENUM_CONVERSION = YES;
				CLANG_WARN_INFINITE_RECURSION = YES;
				CLANG_WARN_INT_CONVERSION = YES;
				CLANG_WARN_NON_LITERAL_NULL_CONVERSION = YES;
				CLANG_WARN_OBJC_IMPLICIT_RETAIN_SELF = YES;
				CLANG_WARN_OBJC_LITERAL_CONVERSION = YES;
				CLANG_WARN_OBJC_ROOT_CLASS = YES_ERROR;
				CLANG_WARN_QUOTED_INCLUDE_IN_FRAMEWORK_HEADER = YES;
				CLANG_WARN_RANGE_LOOP_ANALYSIS = YES;
				CLANG_WARN_STRICT_PROTOTYPES = YES;
				CLANG_WARN_SUSPICIOUS_MOVE = YES;
				CLANG_WARN_UNGUARDED_AVAILABILITY = YES_AGGRESSIVE;
				CLANG_WARN_UNREACHABLE_CODE = YES;
				CLANG_WARN__DUPLICATE_METHOD_MATCH = YES;
				COPY_PHASE_STRIP = NO;
				DEBUG_INFORMATION_FORMAT = dwarf;
				ENABLE_STRICT_OBJC_MSGSEND = YES;
				ENABLE_TESTABILITY = YES;
				ENABLE_USER_SCRIPT_SANDBOXING = YES;
				GCC_C_LANGUAGE_STANDARD = gnu17;
				GCC_DYNAMIC_NO_PIC = NO;
				GCC_NO_COMMON_BLOCKS = YES;
				GCC_OPTIMIZATION_LEVEL = 0;
				GCC_PREPROCESSOR_DEFINITIONS = (
					"DEBUG=1",
					"$(inherited)",
				);
				GCC_WARN_64_TO_32_BIT_CONVERSION = YES;
				GCC_WARN_ABOUT_RETURN_TYPE = YES_ERROR;
				GCC_WARN_UNDECLARED_SELECTOR = YES;
				GCC_WARN_UNINITIALIZED_AUTOS = YES_AGGRESSIVE;
				GCC_WARN_UNUSED_FUNCTION = YES;
				GCC_WARN_UNUSED_VARIABLE = YES;
				IPHONEOS_DEPLOYMENT_TARGET = 17.0;
				LOCALIZATION_PREFERS_STRING_CATALOGS = YES;
				MTL_ENABLE_DEBUG_INFO = INCLUDE_SOURCE;
				MTL_FAST_MATH = YES;
				ONLY_ACTIVE_ARCH = YES;
				SDKROOT = iphoneos;
				STRING_CATALOG_GENERATE_SYMBOLS = YES;
				SWIFT_ACTIVE_COMPILATION_CONDITIONS = "DEBUG $(inherited)";
				SWIFT_OPTIMIZATION_LEVEL = "-Onone";
			};
			name = Debug;
		};
		A10000000000000000000014 /* Release */ = {
			isa = XCBuildConfiguration;
			buildSettings = {
				ALWAYS_SEARCH_USER_PATHS = NO;
				ASSETCATALOG_COMPILER_GENERATE_SWIFT_ASSET_SYMBOL_EXTENSIONS = YES;
				CLANG_ANALYZER_NONNULL = YES;
				CLANG_ANALYZER_NUMBER_OBJECT_CONVERSION = YES_AGGRESSIVE;
				CLANG_CXX_LANGUAGE_STANDARD = "gnu++20";
				CLANG_ENABLE_MODULES = YES;
				CLANG_ENABLE_OBJC_ARC = YES;
				CLANG_ENABLE_OBJC_WEAK = YES;
				CLANG_WARN_BLOCK_CAPTURE_AUTORELEASING = YES;
				CLANG_WARN_BOOL_CONVERSION = YES;
				CLANG_WARN_COMMA = YES;
				CLANG_WARN_CONSTANT_CONVERSION = YES;
				CLANG_WARN_DEPRECATED_OBJC_IMPLEMENTATIONS = YES;
				CLANG_WARN_DIRECT_OBJC_ISA_USAGE = YES_ERROR;
				CLANG_WARN_DOCUMENTATION_COMMENTS = YES;
				CLANG_WARN_EMPTY_BODY = YES;
				CLANG_WARN_ENUM_CONVERSION = YES;
				CLANG_WARN_INFINITE_RECURSION = YES;
				CLANG_WARN_INT_CONVERSION = YES;
				CLANG_WARN_NON_LITERAL_NULL_CONVERSION = YES;
				CLANG_WARN_OBJC_IMPLICIT_RETAIN_SELF = YES;
				CLANG_WARN_OBJC_LITERAL_CONVERSION = YES;
				CLANG_WARN_OBJC_ROOT_CLASS = YES_ERROR;
				CLANG_WARN_QUOTED_INCLUDE_IN_FRAMEWORK_HEADER = YES;
				CLANG_WARN_RANGE_LOOP_ANALYSIS = YES;
				CLANG_WARN_STRICT_PROTOTYPES = YES;
				CLANG_WARN_SUSPICIOUS_MOVE = YES;
				CLANG_WARN_UNGUARDED_AVAILABILITY = YES_AGGRESSIVE;
				CLANG_WARN_UNREACHABLE_CODE = YES;
				CLANG_WARN__DUPLICATE_METHOD_MATCH = YES;
				COPY_PHASE_STRIP = NO;
				DEBUG_INFORMATION_FORMAT = "dwarf-with-dsym";
				ENABLE_NS_ASSERTIONS = NO;
				ENABLE_STRICT_OBJC_MSGSEND = YES;
				ENABLE_USER_SCRIPT_SANDBOXING = YES;
				GCC_C_LANGUAGE_STANDARD = gnu17;
				GCC_NO_COMMON_BLOCKS = YES;
				GCC_WARN_64_TO_32_BIT_CONVERSION = YES;
				GCC_WARN_ABOUT_RETURN_TYPE = YES_ERROR;
				GCC_WARN_UNDECLARED_SELECTOR = YES;
				GCC_WARN_UNINITIALIZED_AUTOS = YES_AGGRESSIVE;
				GCC_WARN_UNUSED_FUNCTION = YES;
				GCC_WARN_UNUSED_VARIABLE = YES;
				IPHONEOS_DEPLOYMENT_TARGET = 17.0;
				LOCALIZATION_PREFERS_STRING_CATALOGS = YES;
				MTL_ENABLE_DEBUG_INFO = NO;
				MTL_FAST_MATH = YES;
				SDKROOT = iphoneos;
				STRING_CATALOG_GENERATE_SYMBOLS = YES;
				SWIFT_COMPILATION_MODE = wholemodule;
				VALIDATE_PRODUCT = YES;
			};
			name = Release;
		};
		A10000000000000000000015 /* Debug */ = {
			isa = XCBuildConfiguration;
			buildSettings = {
				ASSETCATALOG_COMPILER_APPICON_NAME = AppIcon;
				ASSETCATALOG_COMPILER_GLOBAL_ACCENT_COLOR_NAME = AccentColor;
				CODE_SIGN_STYLE = Automatic;
				CURRENT_PROJECT_VERSION = 1;
				DEVELOPMENT_TEAM = SG7Q699XPH;
				ENABLE_PREVIEWS = YES;
				GENERATE_INFOPLIST_FILE = YES;
				INFOPLIST_FILE = App/Info.plist;
				INFOPLIST_KEY_CFBundleDisplayName = "Animal Doku";
				INFOPLIST_KEY_ITSAppUsesNonExemptEncryption = NO;
				INFOPLIST_KEY_UIAppFonts = (
					VaselineExtra.ttf,
				);
				INFOPLIST_KEY_UIApplicationSceneManifest_Generation = YES;
				INFOPLIST_KEY_UIApplicationSupportsIndirectInputEvents = YES;
				INFOPLIST_KEY_UILaunchStoryboardName = LaunchScreen;
				INFOPLIST_KEY_UISupportedInterfaceOrientations = UIInterfaceOrientationPortrait;
				LD_RUNPATH_SEARCH_PATHS = (
					"$(inherited)",
					"@executable_path/Frameworks",
				);
				MARKETING_VERSION = 1.0;
				PRODUCT_BUNDLE_IDENTIFIER = com.animaldoku.AnimalDoku;
				PRODUCT_NAME = "$(TARGET_NAME)";
				SWIFT_EMIT_LOC_STRINGS = YES;
				SWIFT_VERSION = 5.0;
				TARGETED_DEVICE_FAMILY = 1;
			};
			name = Debug;
		};
		A10000000000000000000016 /* Release */ = {
			isa = XCBuildConfiguration;
			buildSettings = {
				ASSETCATALOG_COMPILER_APPICON_NAME = AppIcon;
				ASSETCATALOG_COMPILER_GLOBAL_ACCENT_COLOR_NAME = AccentColor;
				CODE_SIGN_STYLE = Automatic;
				CURRENT_PROJECT_VERSION = 1;
				DEVELOPMENT_TEAM = SG7Q699XPH;
				ENABLE_PREVIEWS = YES;
				GENERATE_INFOPLIST_FILE = YES;
				INFOPLIST_FILE = App/Info.plist;
				INFOPLIST_KEY_CFBundleDisplayName = "Animal Doku";
				INFOPLIST_KEY_ITSAppUsesNonExemptEncryption = NO;
				INFOPLIST_KEY_UIAppFonts = (
					VaselineExtra.ttf,
				);
				INFOPLIST_KEY_UIApplicationSceneManifest_Generation = YES;
				INFOPLIST_KEY_UIApplicationSupportsIndirectInputEvents = YES;
				INFOPLIST_KEY_UILaunchStoryboardName = LaunchScreen;
				INFOPLIST_KEY_UISupportedInterfaceOrientations = UIInterfaceOrientationPortrait;
				LD_RUNPATH_SEARCH_PATHS = (
					"$(inherited)",
					"@executable_path/Frameworks",
				);
				MARKETING_VERSION = 1.0;
				PRODUCT_BUNDLE_IDENTIFIER = com.animaldoku.AnimalDoku;
				PRODUCT_NAME = "$(TARGET_NAME)";
				SWIFT_EMIT_LOC_STRINGS = YES;
				SWIFT_VERSION = 5.0;
				TARGETED_DEVICE_FAMILY = 1;
			};
			name = Release;
		};
		C30000000000000000000009 /* Debug */ = {
			isa = XCBuildConfiguration;
			buildSettings = {
				BUNDLE_LOADER = "$(TEST_HOST)";
				CODE_SIGN_STYLE = Automatic;
				CURRENT_PROJECT_VERSION = 1;
				GENERATE_INFOPLIST_FILE = YES;
				IPHONEOS_DEPLOYMENT_TARGET = 17.0;
				LD_RUNPATH_SEARCH_PATHS = (
					"$(inherited)",
					"@executable_path/Frameworks",
					"@loader_path/Frameworks",
				);
				MARKETING_VERSION = 1.0;
				PRODUCT_BUNDLE_IDENTIFIER = com.animaldoku.AnimalDokuTests;
				PRODUCT_NAME = "$(TARGET_NAME)";
				SWIFT_EMIT_LOC_STRINGS = NO;
				SWIFT_VERSION = 5.0;
				TARGETED_DEVICE_FAMILY = 1;
				TEST_HOST = "$(BUILT_PRODUCTS_DIR)/AnimalDoku.app/$(BUNDLE_EXECUTABLE_FOLDER_PATH)/AnimalDoku";
			};
			name = Debug;
		};
		C3000000000000000000000A /* Release */ = {
			isa = XCBuildConfiguration;
			buildSettings = {
				BUNDLE_LOADER = "$(TEST_HOST)";
				CODE_SIGN_STYLE = Automatic;
				CURRENT_PROJECT_VERSION = 1;
				GENERATE_INFOPLIST_FILE = YES;
				IPHONEOS_DEPLOYMENT_TARGET = 17.0;
				LD_RUNPATH_SEARCH_PATHS = (
					"$(inherited)",
					"@executable_path/Frameworks",
					"@loader_path/Frameworks",
				);
				MARKETING_VERSION = 1.0;
				PRODUCT_BUNDLE_IDENTIFIER = com.animaldoku.AnimalDokuTests;
				PRODUCT_NAME = "$(TARGET_NAME)";
				SWIFT_EMIT_LOC_STRINGS = NO;
				SWIFT_VERSION = 5.0;
				TARGETED_DEVICE_FAMILY = 1;
				TEST_HOST = "$(BUILT_PRODUCTS_DIR)/AnimalDoku.app/$(BUNDLE_EXECUTABLE_FOLDER_PATH)/AnimalDoku";
			};
			name = Release;
		};
		C30000000000000000000016 /* Debug */ = {
			isa = XCBuildConfiguration;
			buildSettings = {
				CODE_SIGN_STYLE = Automatic;
				CURRENT_PROJECT_VERSION = 1;
				GENERATE_INFOPLIST_FILE = YES;
				IPHONEOS_DEPLOYMENT_TARGET = 17.0;
				LD_RUNPATH_SEARCH_PATHS = (
					"$(inherited)",
					"@executable_path/Frameworks",
					"@loader_path/Frameworks",
				);
				MARKETING_VERSION = 1.0;
				PRODUCT_BUNDLE_IDENTIFIER = com.animaldoku.AnimalDokuUITests;
				PRODUCT_NAME = "$(TARGET_NAME)";
				SWIFT_EMIT_LOC_STRINGS = NO;
				SWIFT_VERSION = 5.0;
				TARGETED_DEVICE_FAMILY = 1;
				TEST_TARGET_NAME = AnimalDoku;
			};
			name = Debug;
		};
		C30000000000000000000017 /* Release */ = {
			isa = XCBuildConfiguration;
			buildSettings = {
				CODE_SIGN_STYLE = Automatic;
				CURRENT_PROJECT_VERSION = 1;
				GENERATE_INFOPLIST_FILE = YES;
				IPHONEOS_DEPLOYMENT_TARGET = 17.0;
				LD_RUNPATH_SEARCH_PATHS = (
					"$(inherited)",
					"@executable_path/Frameworks",
					"@loader_path/Frameworks",
				);
				MARKETING_VERSION = 1.0;
				PRODUCT_BUNDLE_IDENTIFIER = com.animaldoku.AnimalDokuUITests;
				PRODUCT_NAME = "$(TARGET_NAME)";
				SWIFT_EMIT_LOC_STRINGS = NO;
				SWIFT_VERSION = 5.0;
				TARGETED_DEVICE_FAMILY = 1;
				TEST_TARGET_NAME = AnimalDoku;
			};
			name = Release;
		};
/* End XCBuildConfiguration section */

/* Begin XCConfigurationList section */
		A1000000000000000000000E /* Build configuration list for PBXNativeTarget "AnimalDoku" */ = {
			isa = XCConfigurationList;
			buildConfigurations = (
				A10000000000000000000015 /* Debug */,
				A10000000000000000000016 /* Release */,
			);
			defaultConfigurationIsVisible = 0;
			defaultConfigurationName = Release;
		};
		A10000000000000000000012 /* Build configuration list for PBXProject "AnimalDoku" */ = {
			isa = XCConfigurationList;
			buildConfigurations = (
				A10000000000000000000013 /* Debug */,
				A10000000000000000000014 /* Release */,
			);
			defaultConfigurationIsVisible = 0;
			defaultConfigurationName = Release;
		};
		C30000000000000000000008 /* Build configuration list for PBXNativeTarget "AnimalDokuTests" */ = {
			isa = XCConfigurationList;
			buildConfigurations = (
				C30000000000000000000009 /* Debug */,
				C3000000000000000000000A /* Release */,
			);
			defaultConfigurationIsVisible = 0;
			defaultConfigurationName = Release;
		};
		C30000000000000000000015 /* Build configuration list for PBXNativeTarget "AnimalDokuUITests" */ = {
			isa = XCConfigurationList;
			buildConfigurations = (
				C30000000000000000000016 /* Debug */,
				C30000000000000000000017 /* Release */,
			);
			defaultConfigurationIsVisible = 0;
			defaultConfigurationName = Release;
		};
/* End XCConfigurationList section */
	};
	rootObject = A10000000000000000000011 /* Project object */;
}
